
Microsoft Visual Studio Solution File, Format Version 12.00
# Visual Studio Version 16
VisualStudioVersion = 16.0.31424.327
MinimumVisualStudioVersion = 10.0.40219.1
Project("{FAE04EC0-301F-11D3-BF4B-00C04F79EFBC}") = "20 lista de funcionarios", "20 lista de funcionarios\20 lista de funcionarios.csproj", "{FE4FC854-2B97-4A4B-A962-45EE0A738B35}"
EndProject
Global
	GlobalSection(SolutionConfigurationPlatforms) = preSolution
		Debug|Any CPU = Debug|Any CPU
		Release|Any CPU = Release|Any CPU
	EndGlobalSection
	GlobalSection(ProjectConfigurationPlatforms) = postSolution
		{FE4FC854-2B97-4A4B-A962-45EE0A738B35}.Debug|Any CPU.ActiveCfg = Debug|Any CPU
		{FE4FC854-2B97-4A4B-A962-45EE0A738B35}.Debug|Any CPU.Build.0 = Debug|Any CPU
		{FE4FC854-2B97-4A4B-A962-45EE0A738B35}.Release|Any CPU.ActiveCfg = Release|Any CPU
		{FE4FC854-2B97-4A4B-A962-45EE0A738B35}.Release|Any CPU.Build.0 = Release|Any CPU
	EndGlobalSection
	GlobalSection(SolutionProperties) = preSolution
		HideSolutionNode = FALSE
	EndGlobalSection
	GlobalSection(ExtensibilityGlobals) = postSolution
		SolutionGuid = {7FB4FFF7-9BE7-43B5-A318-176CF8EC65A6}
	EndGlobalSection
EndGlobal
