
Microsoft Visual Studio Solution File, Format Version 12.00
# Visual Studio Version 16
VisualStudioVersion = 16.0.31424.327
MinimumVisualStudioVersion = 10.0.40219.1
Project("{FAE04EC0-301F-11D3-BF4B-00C04F79EFBC}") = "9 classe funcionario", "9 classe funcionario\9 classe funcionario.csproj", "{730FB3F7-834A-4D60-AFE2-30748F8B74F1}"
EndProject
Global
	GlobalSection(SolutionConfigurationPlatforms) = preSolution
		Debug|Any CPU = Debug|Any CPU
		Release|Any CPU = Release|Any CPU
	EndGlobalSection
	GlobalSection(ProjectConfigurationPlatforms) = postSolution
		{730FB3F7-834A-4D60-AFE2-30748F8B74F1}.Debug|Any CPU.ActiveCfg = Debug|Any CPU
		{730FB3F7-834A-4D60-AFE2-30748F8B74F1}.Debug|Any CPU.Build.0 = Debug|Any CPU
		{730FB3F7-834A-4D60-AFE2-30748F8B74F1}.Release|Any CPU.ActiveCfg = Release|Any CPU
		{730FB3F7-834A-4D60-AFE2-30748F8B74F1}.Release|Any CPU.Build.0 = Release|Any CPU
	EndGlobalSection
	GlobalSection(SolutionProperties) = preSolution
		HideSolutionNode = FALSE
	EndGlobalSection
	GlobalSection(ExtensibilityGlobals) = postSolution
		SolutionGuid = {ADA89D7F-9300-4727-9139-87E8DBCA0233}
	EndGlobalSection
EndGlobal
