
Microsoft Visual Studio Solution File, Format Version 12.00
# Visual Studio Version 16
VisualStudioVersion = 16.0.31515.178
MinimumVisualStudioVersion = 10.0.40219.1
Project("{9A19103F-16F7-4668-BE54-9A1E7A4F7556}") = "_43_Escrevendo_Arquivos", "uri\_43_Escrevendo_Arquivos.csproj", "{95C3413B-15E8-450C-B830-6C92DB9FF84D}"
EndProject
Global
	GlobalSection(SolutionConfigurationPlatforms) = preSolution
		Debug|Any CPU = Debug|Any CPU
		Release|Any CPU = Release|Any CPU
	EndGlobalSection
	GlobalSection(ProjectConfigurationPlatforms) = postSolution
		{95C3413B-15E8-450C-B830-6C92DB9FF84D}.Debug|Any CPU.ActiveCfg = Debug|Any CPU
		{95C3413B-15E8-450C-B830-6C92DB9FF84D}.Debug|Any CPU.Build.0 = Debug|Any CPU
		{95C3413B-15E8-450C-B830-6C92DB9FF84D}.Release|Any CPU.ActiveCfg = Release|Any CPU
		{95C3413B-15E8-450C-B830-6C92DB9FF84D}.Release|Any CPU.Build.0 = Release|Any CPU
	EndGlobalSection
	GlobalSection(SolutionProperties) = preSolution
		HideSolutionNode = FALSE
	EndGlobalSection
	GlobalSection(ExtensibilityGlobals) = postSolution
		SolutionGuid = {CD1B87B8-0A22-48FB-914C-02FF9948B579}
	EndGlobalSection
EndGlobal
