
Microsoft Visual Studio Solution File, Format Version 12.00
# Visual Studio Version 16
VisualStudioVersion = 16.0.31424.327
MinimumVisualStudioVersion = 10.0.40219.1
Project("{FAE04EC0-301F-11D3-BF4B-00C04F79EFBC}") = "21 exercicio matriz", "21 exercicio matriz\21 exercicio matriz.csproj", "{8ACD1B7D-950A-40FF-88F2-982375D4E475}"
EndProject
Global
	GlobalSection(SolutionConfigurationPlatforms) = preSolution
		Debug|Any CPU = Debug|Any CPU
		Release|Any CPU = Release|Any CPU
	EndGlobalSection
	GlobalSection(ProjectConfigurationPlatforms) = postSolution
		{8ACD1B7D-950A-40FF-88F2-982375D4E475}.Debug|Any CPU.ActiveCfg = Debug|Any CPU
		{8ACD1B7D-950A-40FF-88F2-982375D4E475}.Debug|Any CPU.Build.0 = Debug|Any CPU
		{8ACD1B7D-950A-40FF-88F2-982375D4E475}.Release|Any CPU.ActiveCfg = Release|Any CPU
		{8ACD1B7D-950A-40FF-88F2-982375D4E475}.Release|Any CPU.Build.0 = Release|Any CPU
	EndGlobalSection
	GlobalSection(SolutionProperties) = preSolution
		HideSolutionNode = FALSE
	EndGlobalSection
	GlobalSection(ExtensibilityGlobals) = postSolution
		SolutionGuid = {6B0E5C9B-8E7B-4C92-875C-4D17749AD8DC}
	EndGlobalSection
EndGlobal
